{
  "name": "@reso-standards/xsd-validator",
  "version": "0.1.0",
  "lockfileVersion": 3,
  "requires": true,
  "packages": {
    "": {
      "name": "@reso-standards/xsd-validator",
      "version": "0.1.0",
      "dependencies": {
        "libxml2-wasm": "^0.7.1"
      }
    },
    "node_modules/libxml2-wasm": {
      "version": "0.7.1",
      "resolved": "https://registry.npmjs.org/libxml2-wasm/-/libxml2-wasm-0.7.1.tgz",
      "integrity": "sha512-aZpJJL/j6T3D+5TmhG4D0ylR3mN6UzmqmBjyb/p+zEAaouG6GpfHiUNUzKR3vKCEoJt/Z2L15XPDCVPuFJIQhg==",
      "license": "MIT",
      "engines": {
        "node": ">=18"
      }
    }
  }
}
